PODS:
  - geos (5.1.0)
  - GEOSwift (7.2.0):
    - geos (~> 5.0)
  - Google-Maps-iOS-Utils (3.4.2):
    - Google-Maps-iOS-Utils/Clustering (= 3.4.2)
    - Google-Maps-iOS-Utils/Geometry (= 3.4.2)
    - Google-Maps-iOS-Utils/Heatmap (= 3.4.2)
    - Google-Maps-iOS-Utils/QuadTree (= 3.4.2)
    - GoogleMaps
  - Google-Maps-iOS-Utils/Clustering (3.4.2):
    - Google-Maps-iOS-Utils/QuadTree
    - GoogleMaps
  - Google-Maps-iOS-Utils/Geometry (3.4.2):
    - GoogleMaps
  - Google-Maps-iOS-Utils/Heatmap (3.4.2):
    - Google-Maps-iOS-Utils/QuadTree
    - GoogleMaps
  - Google-Maps-iOS-Utils/QuadTree (3.4.2):
    - GoogleMaps
  - GoogleMaps (4.1.0):
    - GoogleMaps/Maps (= 4.1.0)
  - GoogleMaps/Base (4.1.0)
  - GoogleMaps/Maps (4.1.0):
    - GoogleMaps/Base
  - Mapbox-iOS-SDK (6.3.0):
    - MapboxMobileEvents (~> 0.10.4)
  - MapboxMobileEvents (0.10.7)
  - MQTTClient (0.15.3):
    - MQTTClient/Core (= 0.15.3)
  - MQTTClient/Core (0.15.3):
    - MQTTClient/Manager
    - MQTTClient/Min
  - MQTTClient/Manager (0.15.3):
    - MQTTClient/Min
  - MQTTClient/Min (0.15.3)
  - Realm (10.5.0):
    - Realm/Headers (= 10.5.0)
  - Realm/Headers (10.5.0)
  - RealmSwift (10.5.0):
    - Realm (= 10.5.0)

DEPENDENCIES:
  - geos
  - GEOSwift
  - Google-Maps-iOS-Utils
  - Mapbox-iOS-SDK
  - MQTTClient
  - RealmSwift

SPEC REPOS:
  trunk:
    - geos
    - GEOSwift
    - Google-Maps-iOS-Utils
    - GoogleMaps
    - Mapbox-iOS-SDK
    - MapboxMobileEvents
    - MQTTClient
    - Realm
    - RealmSwift

SPEC CHECKSUMS:
  geos: 06708d21e83effc343a3c7123d4bd207185e050b
  GEOSwift: 1aed09f3a98848017717d2402ac74df6c3ff3ee0
  Google-Maps-iOS-Utils: e8826ab68a4f81355a8e70678507a93cc6aab06b
  GoogleMaps: 008e2c80e38605b56b560e8deb73d4194ff30bef
  Mapbox-iOS-SDK: 2563ed87ead6ec08f1c2090873977b8a7be335a8
  MapboxMobileEvents: d0a581dedd8f47411cc65ea520b965e83914316e
  MQTTClient: 0dfa04e789479c2e461786464969895c1fcb0875
  Realm: e1c22c3d83b229afb70ebc10e1771c91e9542d12
  RealmSwift: 6fc078d9d3fd7e58c71bfdbb694e252462f112a5

PODFILE CHECKSUM: d73fb31c7891ce3b3a9dd9a4f0dcbf12fc36ed63

COCOAPODS: 1.10.0
